
Microsoft Visual Studio Solution File, Format Version 12.00
# Visual Studio 2013
VisualStudioVersion = 12.0.30723.0
MinimumVisualStudioVersion = 10.0.40219.1
Project("{FAE04EC0-301F-11D3-BF4B-00C04F79EFBC}") = "demo.automatonymous", "demo.automatonymous\demo.automatonymous.csproj", "{CEAC1C14-4C92-4C7C-93D1-AC72C8CCA816}"
EndProject
Global
	GlobalSection(SolutionConfigurationPlatforms) = preSolution
		Debug|Any CPU = Debug|Any CPU
		Release|Any CPU = Release|Any CPU
	EndGlobalSection
	GlobalSection(ProjectConfigurationPlatforms) = postSolution
		{CEAC1C14-4C92-4C7C-93D1-AC72C8CCA816}.Debug|Any CPU.ActiveCfg = Debug|Any CPU
		{CEAC1C14-4C92-4C7C-93D1-AC72C8CCA816}.Debug|Any CPU.Build.0 = Debug|Any CPU
		{CEAC1C14-4C92-4C7C-93D1-AC72C8CCA816}.Release|Any CPU.ActiveCfg = Release|Any CPU
		{CEAC1C14-4C92-4C7C-93D1-AC72C8CCA816}.Release|Any CPU.Build.0 = Release|Any CPU
	EndGlobalSection
	GlobalSection(SolutionProperties) = preSolution
		HideSolutionNode = FALSE
	EndGlobalSection
EndGlobal
